
Microsoft Visual Studio Solution File, Format Version 12.00
# Visual Studio 15
VisualStudioVersion = 15.0.28010.2041
MinimumVisualStudioVersion = 10.0.40219.1
Project("{FAE04EC0-301F-11D3-BF4B-00C04F79EFBC}") = "MVC_AppWithDB", "MVC_AppWithDB\MVC_AppWithDB.csproj", "{7F268156-B7F4-49A1-99B3-76370D6DB4DA}"
EndProject
Project("{FAE04EC0-301F-11D3-BF4B-00C04F79EFBC}") = "MyApp.Db", "MyApp.Db\MyApp.Db.csproj", "{833FD0C7-FBEE-400C-9CF3-712B25268689}"
EndProject
Project("{FAE04EC0-301F-11D3-BF4B-00C04F79EFBC}") = "MyApp.Models", "MyApp.Models\MyApp.Models.csproj", "{C0303A47-541C-47B7-9DE0-D851B08A5E49}"
EndProject
Global
	GlobalSection(SolutionConfigurationPlatforms) = preSolution
		Debug|Any CPU = Debug|Any CPU
		Release|Any CPU = Release|Any CPU
	EndGlobalSection
	GlobalSection(ProjectConfigurationPlatforms) = postSolution
		{7F268156-B7F4-49A1-99B3-76370D6DB4DA}.Debug|Any CPU.ActiveCfg = Debug|Any CPU
		{7F268156-B7F4-49A1-99B3-76370D6DB4DA}.Debug|Any CPU.Build.0 = Debug|Any CPU
		{7F268156-B7F4-49A1-99B3-76370D6DB4DA}.Release|Any CPU.ActiveCfg = Release|Any CPU
		{7F268156-B7F4-49A1-99B3-76370D6DB4DA}.Release|Any CPU.Build.0 = Release|Any CPU
		{833FD0C7-FBEE-400C-9CF3-712B25268689}.Debug|Any CPU.ActiveCfg = Debug|Any CPU
		{833FD0C7-FBEE-400C-9CF3-712B25268689}.Debug|Any CPU.Build.0 = Debug|Any CPU
		{833FD0C7-FBEE-400C-9CF3-712B25268689}.Release|Any CPU.ActiveCfg = Release|Any CPU
		{833FD0C7-FBEE-400C-9CF3-712B25268689}.Release|Any CPU.Build.0 = Release|Any CPU
		{C0303A47-541C-47B7-9DE0-D851B08A5E49}.Debug|Any CPU.ActiveCfg = Debug|Any CPU
		{C0303A47-541C-47B7-9DE0-D851B08A5E49}.Debug|Any CPU.Build.0 = Debug|Any CPU
		{C0303A47-541C-47B7-9DE0-D851B08A5E49}.Release|Any CPU.ActiveCfg = Release|Any CPU
		{C0303A47-541C-47B7-9DE0-D851B08A5E49}.Release|Any CPU.Build.0 = Release|Any CPU
	EndGlobalSection
	GlobalSection(SolutionProperties) = preSolution
		HideSolutionNode = FALSE
	EndGlobalSection
	GlobalSection(ExtensibilityGlobals) = postSolution
		SolutionGuid = {17FE3EA5-5408-4E0D-B1F2-0D4F2F81F953}
	EndGlobalSection
EndGlobal
